
Microsoft Visual Studio Solution File, Format Version 12.00
# Visual Studio 2012
Project("{FAE04EC0-301F-11D3-BF4B-00C04F79EFBC}") = "HymmnosCommand", "HymmnosRecognize\HymmnosCommand.csproj", "{ACFD1AFD-FD3F-4DDC-B201-5E246EA6F653}"
EndProject
Global
	GlobalSection(SolutionConfigurationPlatforms) = preSolution
		Debug|Any CPU = Debug|Any CPU
		Release|Any CPU = Release|Any CPU
	EndGlobalSection
	GlobalSection(ProjectConfigurationPlatforms) = postSolution
		{ACFD1AFD-FD3F-4DDC-B201-5E246EA6F653}.Debug|Any CPU.ActiveCfg = Debug|Any CPU
		{ACFD1AFD-FD3F-4DDC-B201-5E246EA6F653}.Debug|Any CPU.Build.0 = Debug|Any CPU
		{ACFD1AFD-FD3F-4DDC-B201-5E246EA6F653}.Release|Any CPU.ActiveCfg = Release|Any CPU
		{ACFD1AFD-FD3F-4DDC-B201-5E246EA6F653}.Release|Any CPU.Build.0 = Release|Any CPU
	EndGlobalSection
	GlobalSection(SolutionProperties) = preSolution
		HideSolutionNode = FALSE
	EndGlobalSection
EndGlobal
